
Microsoft Visual Studio Solution File, Format Version 12.00
# Visual Studio 15
VisualStudioVersion = 15.0.26906.1
MinimumVisualStudioVersion = 10.0.40219.1
Project("{FAE04EC0-301F-11D3-BF4B-00C04F79EFBC}") = "eXam.Android", "eXam\eXam.Android\eXam.Android.csproj", "{62313916-9983-4689-B1EA-F36D0F8F580D}"
EndProject
Project("{FAE04EC0-301F-11D3-BF4B-00C04F79EFBC}") = "eXam", "eXam\eXam\eXam.csproj", "{C5493285-55A5-469A-BA1D-FBEBF06B873A}"
EndProject
Project("{FAE04EC0-301F-11D3-BF4B-00C04F79EFBC}") = "eXam.UWP", "eXam\eXam.UWP\eXam.UWP.csproj", "{3D5279C4-E82B-4D04-9D2A-C7238A288EAD}"
EndProject
Project("{FAE04EC0-301F-11D3-BF4B-00C04F79EFBC}") = "eXam.iOS", "eXam\eXam.iOS\eXam.iOS.csproj", "{63CF7025-5DBF-404B-8CF5-83C36062B105}"
EndProject
Global
	GlobalSection(SolutionConfigurationPlatforms) = preSolution
		Ad-Hoc|Any CPU = Ad-Hoc|Any CPU
		Ad-Hoc|ARM = Ad-Hoc|ARM
		Ad-Hoc|iPhone = Ad-Hoc|iPhone
		Ad-Hoc|iPhoneSimulator = Ad-Hoc|iPhoneSimulator
		Ad-Hoc|x64 = Ad-Hoc|x64
		Ad-Hoc|x86 = Ad-Hoc|x86
		AppStore|Any CPU = AppStore|Any CPU
		AppStore|ARM = AppStore|ARM
		AppStore|iPhone = AppStore|iPhone
		AppStore|iPhoneSimulator = AppStore|iPhoneSimulator
		AppStore|x64 = AppStore|x64
		AppStore|x86 = AppStore|x86
		Debug|Any CPU = Debug|Any CPU
		Debug|ARM = Debug|ARM
		Debug|iPhone = Debug|iPhone
		Debug|iPhoneSimulator = Debug|iPhoneSimulator
		Debug|x64 = Debug|x64
		Debug|x86 = Debug|x86
		Release|Any CPU = Release|Any CPU
		Release|ARM = Release|ARM
		Release|iPhone = Release|iPhone
		Release|iPhoneSimulator = Release|iPhoneSimulator
		Release|x64 = Release|x64
		Release|x86 = Release|x86
	EndGlobalSection
	GlobalSection(ProjectConfigurationPlatforms) = postSolution
		{62313916-9983-4689-B1EA-F36D0F8F580D}.Ad-Hoc|Any CPU.ActiveCfg = Release|Any CPU
		{62313916-9983-4689-B1EA-F36D0F8F580D}.Ad-Hoc|Any CPU.Build.0 = Release|Any CPU
		{62313916-9983-4689-B1EA-F36D0F8F580D}.Ad-Hoc|Any CPU.Deploy.0 = Release|Any CPU
		{62313916-9983-4689-B1EA-F36D0F8F580D}.Ad-Hoc|ARM.ActiveCfg = Release|Any CPU
		{62313916-9983-4689-B1EA-F36D0F8F580D}.Ad-Hoc|ARM.Build.0 = Release|Any CPU
		{62313916-9983-4689-B1EA-F36D0F8F580D}.Ad-Hoc|ARM.Deploy.0 = Release|Any CPU
		{62313916-9983-4689-B1EA-F36D0F8F580D}.Ad-Hoc|iPhone.ActiveCfg = Release|Any CPU
		{62313916-9983-4689-B1EA-F36D0F8F580D}.Ad-Hoc|iPhone.Build.0 = Release|Any CPU
		{62313916-9983-4689-B1EA-F36D0F8F580D}.Ad-Hoc|iPhone.Deploy.0 = Release|Any CPU
		{62313916-9983-4689-B1EA-F36D0F8F580D}.Ad-Hoc|iPhoneSimulator.ActiveCfg = Release|Any CPU
		{62313916-9983-4689-B1EA-F36D0F8F580D}.Ad-Hoc|iPhoneSimulator.Build.0 = Release|Any CPU
		{62313916-9983-4689-B1EA-F36D0F8F580D}.Ad-Hoc|iPhoneSimulator.Deploy.0 = Release|Any CPU
		{62313916-9983-4689-B1EA-F36D0F8F580D}.Ad-Hoc|x64.ActiveCfg = Release|Any CPU
		{62313916-9983-4689-B1EA-F36D0F8F580D}.Ad-Hoc|x64.Build.0 = Release|Any CPU
		{62313916-9983-4689-B1EA-F36D0F8F580D}.Ad-Hoc|x64.Deploy.0 = Release|Any CPU
		{62313916-9983-4689-B1EA-F36D0F8F580D}.Ad-Hoc|x86.ActiveCfg = Release|Any CPU
		{62313916-9983-4689-B1EA-F36D0F8F580D}.Ad-Hoc|x86.Build.0 = Release|Any CPU
		{62313916-9983-4689-B1EA-F36D0F8F580D}.Ad-Hoc|x86.Deploy.0 = Release|Any CPU
		{62313916-9983-4689-B1EA-F36D0F8F580D}.AppStore|Any CPU.ActiveCfg = Release|Any CPU
		{62313916-9983-4689-B1EA-F36D0F8F580D}.AppStore|Any CPU.Build.0 = Release|Any CPU
		{62313916-9983-4689-B1EA-F36D0F8F580D}.AppStore|Any CPU.Deploy.0 = Release|Any CPU
		{62313916-9983-4689-B1EA-F36D0F8F580D}.AppStore|ARM.ActiveCfg = Release|Any CPU
		{62313916-9983-4689-B1EA-F36D0F8F580D}.AppStore|ARM.Build.0 = Release|Any CPU
		{62313916-9983-4689-B1EA-F36D0F8F580D}.AppStore|ARM.Deploy.0 = Release|Any CPU
		{62313916-9983-4689-B1EA-F36D0F8F580D}.AppStore|iPhone.ActiveCfg = Release|Any CPU
		{62313916-9983-4689-B1EA-F36D0F8F580D}.AppStore|iPhone.Build.0 = Release|Any CPU
		{62313916-9983-4689-B1EA-F36D0F8F580D}.AppStore|iPhone.Deploy.0 = Release|Any CPU
		{62313916-9983-4689-B1EA-F36D0F8F580D}.AppStore|iPhoneSimulator.ActiveCfg = Release|Any CPU
		{62313916-9983-4689-B1EA-F36D0F8F580D}.AppStore|iPhoneSimulator.Build.0 = Release|Any CPU
		{62313916-9983-4689-B1EA-F36D0F8F580D}.AppStore|iPhoneSimulator.Deploy.0 = Release|Any CPU
		{62313916-9983-4689-B1EA-F36D0F8F580D}.AppStore|x64.ActiveCfg = Release|Any CPU
		{62313916-9983-4689-B1EA-F36D0F8F580D}.AppStore|x64.Build.0 = Release|Any CPU
		{62313916-9983-4689-B1EA-F36D0F8F580D}.AppStore|x64.Deploy.0 = Release|Any CPU
		{62313916-9983-4689-B1EA-F36D0F8F580D}.AppStore|x86.ActiveCfg = Release|Any CPU
		{62313916-9983-4689-B1EA-F36D0F8F580D}.AppStore|x86.Build.0 = Release|Any CPU
		{62313916-9983-4689-B1EA-F36D0F8F580D}.AppStore|x86.Deploy.0 = Release|Any CPU
		{62313916-9983-4689-B1EA-F36D0F8F580D}.Debug|Any CPU.ActiveCfg = Debug|Any CPU
		{62313916-9983-4689-B1EA-F36D0F8F580D}.Debug|Any CPU.Build.0 = Debug|Any CPU
		{62313916-9983-4689-B1EA-F36D0F8F580D}.Debug|Any CPU.Deploy.0 = Debug|Any CPU
		{62313916-9983-4689-B1EA-F36D0F8F580D}.Debug|ARM.ActiveCfg = Debug|Any CPU
		{62313916-9983-4689-B1EA-F36D0F8F580D}.Debug|ARM.Build.0 = Debug|Any CPU
		{62313916-9983-4689-B1EA-F36D0F8F580D}.Debug|ARM.Deploy.0 = Debug|Any CPU
		{62313916-9983-4689-B1EA-F36D0F8F580D}.Debug|iPhone.ActiveCfg = Debug|Any CPU
		{62313916-9983-4689-B1EA-F36D0F8F580D}.Debug|iPhone.Build.0 = Debug|Any CPU
		{62313916-9983-4689-B1EA-F36D0F8F580D}.Debug|iPhone.Deploy.0 = Debug|Any CPU
		{62313916-9983-4689-B1EA-F36D0F8F580D}.Debug|iPhoneSimulator.ActiveCfg = Debug|Any CPU
		{62313916-9983-4689-B1EA-F36D0F8F580D}.Debug|iPhoneSimulator.Build.0 = Debug|Any CPU
		{62313916-9983-4689-B1EA-F36D0F8F580D}.Debug|iPhoneSimulator.Deploy.0 = Debug|Any CPU
		{62313916-9983-4689-B1EA-F36D0F8F580D}.Debug|x64.ActiveCfg = Debug|Any CPU
		{62313916-9983-4689-B1EA-F36D0F8F580D}.Debug|x64.Build.0 = Debug|Any CPU
		{62313916-9983-4689-B1EA-F36D0F8F580D}.Debug|x64.Deploy.0 = Debug|Any CPU
		{62313916-9983-4689-B1EA-F36D0F8F580D}.Debug|x86.ActiveCfg = Debug|Any CPU
		{62313916-9983-4689-B1EA-F36D0F8F580D}.Debug|x86.Build.0 = Debug|Any CPU
		{62313916-9983-4689-B1EA-F36D0F8F580D}.Debug|x86.Deploy.0 = Debug|Any CPU
		{62313916-9983-4689-B1EA-F36D0F8F580D}.Release|Any CPU.ActiveCfg = Release|Any CPU
		{62313916-9983-4689-B1EA-F36D0F8F580D}.Release|Any CPU.Build.0 = Release|Any CPU
		{62313916-9983-4689-B1EA-F36D0F8F580D}.Release|Any CPU.Deploy.0 = Release|Any CPU
		{62313916-9983-4689-B1EA-F36D0F8F580D}.Release|ARM.ActiveCfg = Release|Any CPU
		{62313916-9983-4689-B1EA-F36D0F8F580D}.Release|ARM.Build.0 = Release|Any CPU
		{62313916-9983-4689-B1EA-F36D0F8F580D}.Release|ARM.Deploy.0 = Release|Any CPU
		{62313916-9983-4689-B1EA-F36D0F8F580D}.Release|iPhone.ActiveCfg = Release|Any CPU
		{62313916-9983-4689-B1EA-F36D0F8F580D}.Release|iPhone.Build.0 = Release|Any CPU
		{62313916-9983-4689-B1EA-F36D0F8F580D}.Release|iPhone.Deploy.0 = Release|Any CPU
		{62313916-9983-4689-B1EA-F36D0F8F580D}.Release|iPhoneSimulator.ActiveCfg = Release|Any CPU
		{62313916-9983-4689-B1EA-F36D0F8F580D}.Release|iPhoneSimulator.Build.0 = Release|Any CPU
		{62313916-9983-4689-B1EA-F36D0F8F580D}.Release|iPhoneSimulator.Deploy.0 = Release|Any CPU
		{62313916-9983-4689-B1EA-F36D0F8F580D}.Release|x64.ActiveCfg = Release|Any CPU
		{62313916-9983-4689-B1EA-F36D0F8F580D}.Release|x64.Build.0 = Release|Any CPU
		{62313916-9983-4689-B1EA-F36D0F8F580D}.Release|x64.Deploy.0 = Release|Any CPU
		{62313916-9983-4689-B1EA-F36D0F8F580D}.Release|x86.ActiveCfg = Release|Any CPU
		{62313916-9983-4689-B1EA-F36D0F8F580D}.Release|x86.Build.0 = Release|Any CPU
		{62313916-9983-4689-B1EA-F36D0F8F580D}.Release|x86.Deploy.0 = Release|Any CPU
		{C5493285-55A5-469A-BA1D-FBEBF06B873A}.Ad-Hoc|Any CPU.ActiveCfg = Release|Any CPU
		{C5493285-55A5-469A-BA1D-FBEBF06B873A}.Ad-Hoc|Any CPU.Build.0 = Release|Any CPU
		{C5493285-55A5-469A-BA1D-FBEBF06B873A}.Ad-Hoc|ARM.ActiveCfg = Release|Any CPU
		{C5493285-55A5-469A-BA1D-FBEBF06B873A}.Ad-Hoc|ARM.Build.0 = Release|Any CPU
		{C5493285-55A5-469A-BA1D-FBEBF06B873A}.Ad-Hoc|iPhone.ActiveCfg = Release|Any CPU
		{C5493285-55A5-469A-BA1D-FBEBF06B873A}.Ad-Hoc|iPhone.Build.0 = Release|Any CPU
		{C5493285-55A5-469A-BA1D-FBEBF06B873A}.Ad-Hoc|iPhoneSimulator.ActiveCfg = Release|Any CPU
		{C5493285-55A5-469A-BA1D-FBEBF06B873A}.Ad-Hoc|iPhoneSimulator.Build.0 = Release|Any CPU
		{C5493285-55A5-469A-BA1D-FBEBF06B873A}.Ad-Hoc|x64.ActiveCfg = Release|Any CPU
		{C5493285-55A5-469A-BA1D-FBEBF06B873A}.Ad-Hoc|x64.Build.0 = Release|Any CPU
		{C5493285-55A5-469A-BA1D-FBEBF06B873A}.Ad-Hoc|x86.ActiveCfg = Release|Any CPU
		{C5493285-55A5-469A-BA1D-FBEBF06B873A}.Ad-Hoc|x86.Build.0 = Release|Any CPU
		{C5493285-55A5-469A-BA1D-FBEBF06B873A}.AppStore|Any CPU.ActiveCfg = Release|Any CPU
		{C5493285-55A5-469A-BA1D-FBEBF06B873A}.AppStore|Any CPU.Build.0 = Release|Any CPU
		{C5493285-55A5-469A-BA1D-FBEBF06B873A}.AppStore|ARM.ActiveCfg = Release|Any CPU
		{C5493285-55A5-469A-BA1D-FBEBF06B873A}.AppStore|ARM.Build.0 = Release|Any CPU
		{C5493285-55A5-469A-BA1D-FBEBF06B873A}.AppStore|iPhone.ActiveCfg = Release|Any CPU
		{C5493285-55A5-469A-BA1D-FBEBF06B873A}.AppStore|iPhone.Build.0 = Release|Any CPU
		{C5493285-55A5-469A-BA1D-FBEBF06B873A}.AppStore|iPhoneSimulator.ActiveCfg = Release|Any CPU
		{C5493285-55A5-469A-BA1D-FBEBF06B873A}.AppStore|iPhoneSimulator.Build.0 = Release|Any CPU
		{C5493285-55A5-469A-BA1D-FBEBF06B873A}.AppStore|x64.ActiveCfg = Release|Any CPU
		{C5493285-55A5-469A-BA1D-FBEBF06B873A}.AppStore|x64.Build.0 = Release|Any CPU
		{C5493285-55A5-469A-BA1D-FBEBF06B873A}.AppStore|x86.ActiveCfg = Release|Any CPU
		{C5493285-55A5-469A-BA1D-FBEBF06B873A}.AppStore|x86.Build.0 = Release|Any CPU
		{C5493285-55A5-469A-BA1D-FBEBF06B873A}.Debug|Any CPU.ActiveCfg = Debug|Any CPU
		{C5493285-55A5-469A-BA1D-FBEBF06B873A}.Debug|Any CPU.Build.0 = Debug|Any CPU
		{C5493285-55A5-469A-BA1D-FBEBF06B873A}.Debug|ARM.ActiveCfg = Debug|Any CPU
		{C5493285-55A5-469A-BA1D-FBEBF06B873A}.Debug|ARM.Build.0 = Debug|Any CPU
		{C5493285-55A5-469A-BA1D-FBEBF06B873A}.Debug|iPhone.ActiveCfg = Debug|Any CPU
		{C5493285-55A5-469A-BA1D-FBEBF06B873A}.Debug|iPhone.Build.0 = Debug|Any CPU
		{C5493285-55A5-469A-BA1D-FBEBF06B873A}.Debug|iPhoneSimulator.ActiveCfg = Debug|Any CPU
		{C5493285-55A5-469A-BA1D-FBEBF06B873A}.Debug|iPhoneSimulator.Build.0 = Debug|Any CPU
		{C5493285-55A5-469A-BA1D-FBEBF06B873A}.Debug|x64.ActiveCfg = Debug|Any CPU
		{C5493285-55A5-469A-BA1D-FBEBF06B873A}.Debug|x64.Build.0 = Debug|Any CPU
		{C5493285-55A5-469A-BA1D-FBEBF06B873A}.Debug|x86.ActiveCfg = Debug|Any CPU
		{C5493285-55A5-469A-BA1D-FBEBF06B873A}.Debug|x86.Build.0 = Debug|Any CPU
		{C5493285-55A5-469A-BA1D-FBEBF06B873A}.Release|Any CPU.ActiveCfg = Release|Any CPU
		{C5493285-55A5-469A-BA1D-FBEBF06B873A}.Release|Any CPU.Build.0 = Release|Any CPU
		{C5493285-55A5-469A-BA1D-FBEBF06B873A}.Release|ARM.ActiveCfg = Release|Any CPU
		{C5493285-55A5-469A-BA1D-FBEBF06B873A}.Release|ARM.Build.0 = Release|Any CPU
		{C5493285-55A5-469A-BA1D-FBEBF06B873A}.Release|iPhone.ActiveCfg = Release|Any CPU
		{C5493285-55A5-469A-BA1D-FBEBF06B873A}.Release|iPhone.Build.0 = Release|Any CPU
		{C5493285-55A5-469A-BA1D-FBEBF06B873A}.Release|iPhoneSimulator.ActiveCfg = Release|Any CPU
		{C5493285-55A5-469A-BA1D-FBEBF06B873A}.Release|iPhoneSimulator.Build.0 = Release|Any CPU
		{C5493285-55A5-469A-BA1D-FBEBF06B873A}.Release|x64.ActiveCfg = Release|Any CPU
		{C5493285-55A5-469A-BA1D-FBEBF06B873A}.Release|x64.Build.0 = Release|Any CPU
		{C5493285-55A5-469A-BA1D-FBEBF06B873A}.Release|x86.ActiveCfg = Release|Any CPU
		{C5493285-55A5-469A-BA1D-FBEBF06B873A}.Release|x86.Build.0 = Release|Any CPU
		{3D5279C4-E82B-4D04-9D2A-C7238A288EAD}.Ad-Hoc|Any CPU.ActiveCfg = Release|x86
		{3D5279C4-E82B-4D04-9D2A-C7238A288EAD}.Ad-Hoc|Any CPU.Build.0 = Release|x86
		{3D5279C4-E82B-4D04-9D2A-C7238A288EAD}.Ad-Hoc|Any CPU.Deploy.0 = Release|x86
		{3D5279C4-E82B-4D04-9D2A-C7238A288EAD}.Ad-Hoc|ARM.ActiveCfg = Release|ARM
		{3D5279C4-E82B-4D04-9D2A-C7238A288EAD}.Ad-Hoc|ARM.Build.0 = Release|ARM
		{3D5279C4-E82B-4D04-9D2A-C7238A288EAD}.Ad-Hoc|ARM.Deploy.0 = Release|ARM
		{3D5279C4-E82B-4D04-9D2A-C7238A288EAD}.Ad-Hoc|iPhone.ActiveCfg = Release|x86
		{3D5279C4-E82B-4D04-9D2A-C7238A288EAD}.Ad-Hoc|iPhone.Build.0 = Release|x86
		{3D5279C4-E82B-4D04-9D2A-C7238A288EAD}.Ad-Hoc|iPhone.Deploy.0 = Release|x86
		{3D5279C4-E82B-4D04-9D2A-C7238A288EAD}.Ad-Hoc|iPhoneSimulator.ActiveCfg = Release|x86
		{3D5279C4-E82B-4D04-9D2A-C7238A288EAD}.Ad-Hoc|iPhoneSimulator.Build.0 = Release|x86
		{3D5279C4-E82B-4D04-9D2A-C7238A288EAD}.Ad-Hoc|iPhoneSimulator.Deploy.0 = Release|x86
		{3D5279C4-E82B-4D04-9D2A-C7238A288EAD}.Ad-Hoc|x64.ActiveCfg = Release|x64
		{3D5279C4-E82B-4D04-9D2A-C7238A288EAD}.Ad-Hoc|x64.Build.0 = Release|x64
		{3D5279C4-E82B-4D04-9D2A-C7238A288EAD}.Ad-Hoc|x64.Deploy.0 = Release|x64
		{3D5279C4-E82B-4D04-9D2A-C7238A288EAD}.Ad-Hoc|x86.ActiveCfg = Release|x86
		{3D5279C4-E82B-4D04-9D2A-C7238A288EAD}.Ad-Hoc|x86.Build.0 = Release|x86
		{3D5279C4-E82B-4D04-9D2A-C7238A288EAD}.Ad-Hoc|x86.Deploy.0 = Release|x86
		{3D5279C4-E82B-4D04-9D2A-C7238A288EAD}.AppStore|Any CPU.ActiveCfg = Release|x86
		{3D5279C4-E82B-4D04-9D2A-C7238A288EAD}.AppStore|Any CPU.Build.0 = Release|x86
		{3D5279C4-E82B-4D04-9D2A-C7238A288EAD}.AppStore|Any CPU.Deploy.0 = Release|x86
		{3D5279C4-E82B-4D04-9D2A-C7238A288EAD}.AppStore|ARM.ActiveCfg = Release|ARM
		{3D5279C4-E82B-4D04-9D2A-C7238A288EAD}.AppStore|ARM.Build.0 = Release|ARM
		{3D5279C4-E82B-4D04-9D2A-C7238A288EAD}.AppStore|ARM.Deploy.0 = Release|ARM
		{3D5279C4-E82B-4D04-9D2A-C7238A288EAD}.AppStore|iPhone.ActiveCfg = Release|x86
		{3D5279C4-E82B-4D04-9D2A-C7238A288EAD}.AppStore|iPhone.Build.0 = Release|x86
		{3D5279C4-E82B-4D04-9D2A-C7238A288EAD}.AppStore|iPhone.Deploy.0 = Release|x86
		{3D5279C4-E82B-4D04-9D2A-C7238A288EAD}.AppStore|iPhoneSimulator.ActiveCfg = Release|x86
		{3D5279C4-E82B-4D04-9D2A-C7238A288EAD}.AppStore|iPhoneSimulator.Build.0 = Release|x86
		{3D5279C4-E82B-4D04-9D2A-C7238A288EAD}.AppStore|iPhoneSimulator.Deploy.0 = Release|x86
		{3D5279C4-E82B-4D04-9D2A-C7238A288EAD}.AppStore|x64.ActiveCfg = Release|x64
		{3D5279C4-E82B-4D04-9D2A-C7238A288EAD}.AppStore|x64.Build.0 = Release|x64
		{3D5279C4-E82B-4D04-9D2A-C7238A288EAD}.AppStore|x64.Deploy.0 = Release|x64
		{3D5279C4-E82B-4D04-9D2A-C7238A288EAD}.AppStore|x86.ActiveCfg = Release|x86
		{3D5279C4-E82B-4D04-9D2A-C7238A288EAD}.AppStore|x86.Build.0 = Release|x86
		{3D5279C4-E82B-4D04-9D2A-C7238A288EAD}.AppStore|x86.Deploy.0 = Release|x86
		{3D5279C4-E82B-4D04-9D2A-C7238A288EAD}.Debug|Any CPU.ActiveCfg = Debug|x86
		{3D5279C4-E82B-4D04-9D2A-C7238A288EAD}.Debug|ARM.ActiveCfg = Debug|ARM
		{3D5279C4-E82B-4D04-9D2A-C7238A288EAD}.Debug|ARM.Build.0 = Debug|ARM
		{3D5279C4-E82B-4D04-9D2A-C7238A288EAD}.Debug|ARM.Deploy.0 = Debug|ARM
		{3D5279C4-E82B-4D04-9D2A-C7238A288EAD}.Debug|iPhone.ActiveCfg = Debug|x86
		{3D5279C4-E82B-4D04-9D2A-C7238A288EAD}.Debug|iPhoneSimulator.ActiveCfg = Debug|x86
		{3D5279C4-E82B-4D04-9D2A-C7238A288EAD}.Debug|x64.ActiveCfg = Debug|x64
		{3D5279C4-E82B-4D04-9D2A-C7238A288EAD}.Debug|x64.Build.0 = Debug|x64
		{3D5279C4-E82B-4D04-9D2A-C7238A288EAD}.Debug|x64.Deploy.0 = Debug|x64
		{3D5279C4-E82B-4D04-9D2A-C7238A288EAD}.Debug|x86.ActiveCfg = Debug|x86
		{3D5279C4-E82B-4D04-9D2A-C7238A288EAD}.Debug|x86.Build.0 = Debug|x86
		{3D5279C4-E82B-4D04-9D2A-C7238A288EAD}.Debug|x86.Deploy.0 = Debug|x86
		{3D5279C4-E82B-4D04-9D2A-C7238A288EAD}.Release|Any CPU.ActiveCfg = Release|x86
		{3D5279C4-E82B-4D04-9D2A-C7238A288EAD}.Release|ARM.ActiveCfg = Release|ARM
		{3D5279C4-E82B-4D04-9D2A-C7238A288EAD}.Release|ARM.Build.0 = Release|ARM
		{3D5279C4-E82B-4D04-9D2A-C7238A288EAD}.Release|ARM.Deploy.0 = Release|ARM
		{3D5279C4-E82B-4D04-9D2A-C7238A288EAD}.Release|iPhone.ActiveCfg = Release|x86
		{3D5279C4-E82B-4D04-9D2A-C7238A288EAD}.Release|iPhoneSimulator.ActiveCfg = Release|x86
		{3D5279C4-E82B-4D04-9D2A-C7238A288EAD}.Release|x64.ActiveCfg = Release|x64
		{3D5279C4-E82B-4D04-9D2A-C7238A288EAD}.Release|x64.Build.0 = Release|x64
		{3D5279C4-E82B-4D04-9D2A-C7238A288EAD}.Release|x64.Deploy.0 = Release|x64
		{3D5279C4-E82B-4D04-9D2A-C7238A288EAD}.Release|x86.ActiveCfg = Release|x86
		{3D5279C4-E82B-4D04-9D2A-C7238A288EAD}.Release|x86.Build.0 = Release|x86
		{3D5279C4-E82B-4D04-9D2A-C7238A288EAD}.Release|x86.Deploy.0 = Release|x86
		{63CF7025-5DBF-404B-8CF5-83C36062B105}.Ad-Hoc|Any CPU.ActiveCfg = Ad-Hoc|iPhoneSimulator
		{63CF7025-5DBF-404B-8CF5-83C36062B105}.Ad-Hoc|ARM.ActiveCfg = Ad-Hoc|iPhone
		{63CF7025-5DBF-404B-8CF5-83C36062B105}.Ad-Hoc|iPhone.ActiveCfg = Ad-Hoc|iPhone
		{63CF7025-5DBF-404B-8CF5-83C36062B105}.Ad-Hoc|iPhone.Build.0 = Ad-Hoc|iPhone
		{63CF7025-5DBF-404B-8CF5-83C36062B105}.Ad-Hoc|iPhoneSimulator.ActiveCfg = Ad-Hoc|iPhoneSimulator
		{63CF7025-5DBF-404B-8CF5-83C36062B105}.Ad-Hoc|iPhoneSimulator.Build.0 = Ad-Hoc|iPhoneSimulator
		{63CF7025-5DBF-404B-8CF5-83C36062B105}.Ad-Hoc|x64.ActiveCfg = Ad-Hoc|iPhone
		{63CF7025-5DBF-404B-8CF5-83C36062B105}.Ad-Hoc|x86.ActiveCfg = Ad-Hoc|iPhone
		{63CF7025-5DBF-404B-8CF5-83C36062B105}.AppStore|Any CPU.ActiveCfg = AppStore|iPhoneSimulator
		{63CF7025-5DBF-404B-8CF5-83C36062B105}.AppStore|ARM.ActiveCfg = AppStore|iPhone
		{63CF7025-5DBF-404B-8CF5-83C36062B105}.AppStore|iPhone.ActiveCfg = AppStore|iPhone
		{63CF7025-5DBF-404B-8CF5-83C36062B105}.AppStore|iPhone.Build.0 = AppStore|iPhone
		{63CF7025-5DBF-404B-8CF5-83C36062B105}.AppStore|iPhoneSimulator.ActiveCfg = AppStore|iPhoneSimulator
		{63CF7025-5DBF-404B-8CF5-83C36062B105}.AppStore|iPhoneSimulator.Build.0 = AppStore|iPhoneSimulator
		{63CF7025-5DBF-404B-8CF5-83C36062B105}.AppStore|x64.ActiveCfg = AppStore|iPhone
		{63CF7025-5DBF-404B-8CF5-83C36062B105}.AppStore|x86.ActiveCfg = AppStore|iPhone
		{63CF7025-5DBF-404B-8CF5-83C36062B105}.Debug|Any CPU.ActiveCfg = Debug|iPhoneSimulator
		{63CF7025-5DBF-404B-8CF5-83C36062B105}.Debug|ARM.ActiveCfg = Debug|iPhone
		{63CF7025-5DBF-404B-8CF5-83C36062B105}.Debug|iPhone.ActiveCfg = Debug|iPhone
		{63CF7025-5DBF-404B-8CF5-83C36062B105}.Debug|iPhone.Build.0 = Debug|iPhone
		{63CF7025-5DBF-404B-8CF5-83C36062B105}.Debug|iPhoneSimulator.ActiveCfg = Debug|iPhoneSimulator
		{63CF7025-5DBF-404B-8CF5-83C36062B105}.Debug|iPhoneSimulator.Build.0 = Debug|iPhoneSimulator
		{63CF7025-5DBF-404B-8CF5-83C36062B105}.Debug|x64.ActiveCfg = Debug|iPhone
		{63CF7025-5DBF-404B-8CF5-83C36062B105}.Debug|x86.ActiveCfg = Debug|iPhone
		{63CF7025-5DBF-404B-8CF5-83C36062B105}.Release|Any CPU.ActiveCfg = Release|iPhoneSimulator
		{63CF7025-5DBF-404B-8CF5-83C36062B105}.Release|ARM.ActiveCfg = Release|iPhone
		{63CF7025-5DBF-404B-8CF5-83C36062B105}.Release|iPhone.ActiveCfg = Release|iPhone
		{63CF7025-5DBF-404B-8CF5-83C36062B105}.Release|iPhone.Build.0 = Release|iPhone
		{63CF7025-5DBF-404B-8CF5-83C36062B105}.Release|iPhoneSimulator.ActiveCfg = Release|iPhoneSimulator
		{63CF7025-5DBF-404B-8CF5-83C36062B105}.Release|iPhoneSimulator.Build.0 = Release|iPhoneSimulator
		{63CF7025-5DBF-404B-8CF5-83C36062B105}.Release|x64.ActiveCfg = Release|iPhone
		{63CF7025-5DBF-404B-8CF5-83C36062B105}.Release|x86.ActiveCfg = Release|iPhone
	EndGlobalSection
	GlobalSection(SolutionProperties) = preSolution
		HideSolutionNode = FALSE
	EndGlobalSection
	GlobalSection(ExtensibilityGlobals) = postSolution
		SolutionGuid = {484F6009-DD80-45D0-9D26-8BDB11ECCF8B}
	EndGlobalSection
EndGlobal
