
Microsoft Visual Studio Solution File, Format Version 12.00
# Visual Studio 15
VisualStudioVersion = 15.0.26906.1
MinimumVisualStudioVersion = 10.0.40219.1
Project("{FAE04EC0-301F-11D3-BF4B-00C04F79EFBC}") = "QuestionAppService", "QuestionAppService\QuestionAppService.csproj", "{E0FC37AB-3F59-4399-B769-58CCBC89A152}"
EndProject
Global
	GlobalSection(SolutionConfigurationPlatforms) = preSolution
		Debug|Any CPU = Debug|Any CPU
		Release|Any CPU = Release|Any CPU
	EndGlobalSection
	GlobalSection(ProjectConfigurationPlatforms) = postSolution
		{E0FC37AB-3F59-4399-B769-58CCBC89A152}.Debug|Any CPU.ActiveCfg = Debug|Any CPU
		{E0FC37AB-3F59-4399-B769-58CCBC89A152}.Debug|Any CPU.Build.0 = Debug|Any CPU
		{E0FC37AB-3F59-4399-B769-58CCBC89A152}.Release|Any CPU.ActiveCfg = Release|Any CPU
		{E0FC37AB-3F59-4399-B769-58CCBC89A152}.Release|Any CPU.Build.0 = Release|Any CPU
	EndGlobalSection
	GlobalSection(SolutionProperties) = preSolution
		HideSolutionNode = FALSE
	EndGlobalSection
	GlobalSection(ExtensibilityGlobals) = postSolution
		SolutionGuid = {FEBD8BE9-1C5E-4989-974A-D595F6B4C35D}
	EndGlobalSection
EndGlobal
